{
  "name": "pambda-by-env",
  "version": "0.0.1",
  "lockfileVersion": 1,
  "requires": true,
  "dependencies": {
    "lambda-terminator": {
      "version": "0.1.0",
      "resolved": "https://registry.npmjs.org/lambda-terminator/-/lambda-terminator-0.1.0.tgz",
      "integrity": "sha512-i6LJqmCtW5J9kRjhv8f8WhFdjJ7W+ykGUrD2TVX990OGJTSkDDWJ1eTw1JBZaOh/Lmbi3fj2I0PBclXdeDGo9Q=="
    },
    "pambda": {
      "version": "0.1.0",
      "resolved": "https://registry.npmjs.org/pambda/-/pambda-0.1.0.tgz",
      "integrity": "sha512-lLr56RJumBKMZBFxUFP+uAD2lPJTpUluPfFZ96dqnc7UScWnwv4M1raX9QAlgWB2wH0uxgSU41YBzSCgFyp9bQ==",
      "requires": {
        "lambda-terminator": "^0.1.0"
      }
    }
  }
}
