{
  "name": "pambda-by-env",
  "version": "0.0.1",
  "lockfileVersion": 1,
  "dependencies": {
    "lambda-terminator": {
      "version": "0.0.1",
      "resolved": "https://registry.npmjs.org/lambda-terminator/-/lambda-terminator-0.0.1.tgz",
      "integrity": "sha512-SDoj8tWue7vYMKG2DRa0SSBj+RWvSzoTMwXm9PPLau39wQr1FlACe1CaGtPeScQAgViERC8675toLiaAC6pqug=="
    },
    "pambda": {
      "version": "0.0.2",
      "resolved": "https://registry.npmjs.org/pambda/-/pambda-0.0.2.tgz",
      "integrity": "sha512-42zZdXy6bHNylrFPcCyilUxjzHBbEWTO2NsEzOw78DS8mvh3t1WKDtXkbq8oXppS97Fv9eo3ZRaeAfJV7Kv38A=="
    }
  }
}
